
Microsoft Visual Studio Solution File, Format Version 12.00
# Visual Studio Version 16
VisualStudioVersion = 16.0.31205.134
MinimumVisualStudioVersion = 10.0.40219.1
Project("{FAE04EC0-301F-11D3-BF4B-00C04F79EFBC}") = "Vidly II", "Vidly II\Vidly II.csproj", "{A57C6246-B17A-4DDE-9F42-2B0CE517828C}"
EndProject
Global
	GlobalSection(SolutionConfigurationPlatforms) = preSolution
		Debug|Any CPU = Debug|Any CPU
		Release|Any CPU = Release|Any CPU
	EndGlobalSection
	GlobalSection(ProjectConfigurationPlatforms) = postSolution
		{A57C6246-B17A-4DDE-9F42-2B0CE517828C}.Debug|Any CPU.ActiveCfg = Debug|Any CPU
		{A57C6246-B17A-4DDE-9F42-2B0CE517828C}.Debug|Any CPU.Build.0 = Debug|Any CPU
		{A57C6246-B17A-4DDE-9F42-2B0CE517828C}.Release|Any CPU.ActiveCfg = Release|Any CPU
		{A57C6246-B17A-4DDE-9F42-2B0CE517828C}.Release|Any CPU.Build.0 = Release|Any CPU
	EndGlobalSection
	GlobalSection(SolutionProperties) = preSolution
		HideSolutionNode = FALSE
	EndGlobalSection
	GlobalSection(ExtensibilityGlobals) = postSolution
		SolutionGuid = {CB383CB4-9127-4130-9D3D-B4314D68BBB7}
	EndGlobalSection
EndGlobal
